
Microsoft Visual Studio Solution File, Format Version 12.00
# Visual Studio Version 17
VisualStudioVersion = 17.0.31903.59
MinimumVisualStudioVersion = 10.0.40219.1
Project("{FAE04EC0-301F-11D3-BF4B-00C04F79EFBC}") = "EasyMapper.Logic", "EasyMapper.Logic\EasyMapper.Logic.csproj", "{1BC21BDD-ADFD-44A8-A28E-CDD0D0D82E9D}"
EndProject
Project("{FAE04EC0-301F-11D3-BF4B-00C04F79EFBC}") = "EasyMapper.Tests", "EasyMapper.Tests\EasyMapper.Tests.csproj", "{9F29D8EB-C92F-48BE-A97D-7DF2583CCE41}"
EndProject
Global
	GlobalSection(SolutionConfigurationPlatforms) = preSolution
		Debug|Any CPU = Debug|Any CPU
		Release|Any CPU = Release|Any CPU
	EndGlobalSection
	GlobalSection(SolutionProperties) = preSolution
		HideSolutionNode = FALSE
	EndGlobalSection
	GlobalSection(ProjectConfigurationPlatforms) = postSolution
		{1BC21BDD-ADFD-44A8-A28E-CDD0D0D82E9D}.Debug|Any CPU.ActiveCfg = Debug|Any CPU
		{1BC21BDD-ADFD-44A8-A28E-CDD0D0D82E9D}.Debug|Any CPU.Build.0 = Debug|Any CPU
		{1BC21BDD-ADFD-44A8-A28E-CDD0D0D82E9D}.Release|Any CPU.ActiveCfg = Release|Any CPU
		{1BC21BDD-ADFD-44A8-A28E-CDD0D0D82E9D}.Release|Any CPU.Build.0 = Release|Any CPU
		{9F29D8EB-C92F-48BE-A97D-7DF2583CCE41}.Debug|Any CPU.ActiveCfg = Debug|Any CPU
		{9F29D8EB-C92F-48BE-A97D-7DF2583CCE41}.Debug|Any CPU.Build.0 = Debug|Any CPU
		{9F29D8EB-C92F-48BE-A97D-7DF2583CCE41}.Release|Any CPU.ActiveCfg = Release|Any CPU
		{9F29D8EB-C92F-48BE-A97D-7DF2583CCE41}.Release|Any CPU.Build.0 = Release|Any CPU
	EndGlobalSection
EndGlobal
